lockfileVersion: "6.0"

settings:
  autoInstallPeers: true
  excludeLinksFromLockfile: false

dependencies:
  "@sindresorhus/slugify":
    specifier: ^2.2.1
    version: 2.2.1
  mime-types:
    specifier: ^2.1.35
    version: 2.1.35

devDependencies:
  "@types/markdown-it":
    specifier: ^12.2.3
    version: 12.2.3
  "@types/mime-types":
    specifier: ^2.1.1
    version: 2.1.1
  "@types/node":
    specifier: ^20.4.2
    version: 20.4.2
  markdown-it:
    specifier: ^13.0.1
    version: 13.0.1
  node-ts:
    specifier: ^6.0.1
    version: 6.0.1

packages:
  /@rauschma/stringio@1.4.0:
    resolution:
      {
        integrity: sha512-3uor2f/MXZkmX5RJf8r+OC3WvZVzpSme0yyL0rQDPEnatE02qRcqwEwnsgpgriEck0S/n4vWtUd6tTtrJwk45Q==,
      }
    dependencies:
      "@types/node": 10.17.60
    dev: true

  /@sindresorhus/slugify@2.2.1:
    resolution:
      {
        integrity: sha512-MkngSCRZ8JdSOCHRaYd+D01XhvU3Hjy6MGl06zhOk614hp9EOAp5gIkBeQg7wtmxpitU6eAL4kdiRMcJa2dlrw==,
      }
    engines: { node: ">=12" }
    dependencies:
      "@sindresorhus/transliterate": 1.6.0
      escape-string-regexp: 5.0.0
    dev: false

  /@sindresorhus/transliterate@1.6.0:
    resolution:
      {
        integrity: sha512-doH1gimEu3A46VX6aVxpHTeHrytJAG6HgdxntYnCFiIFHEM/ZGpG8KiZGBChchjQmG0XFIBL552kBTjVcMZXwQ==,
      }
    engines: { node: ">=12" }
    dependencies:
      escape-string-regexp: 5.0.0
    dev: false

  /@types/linkify-it@3.0.2:
    resolution:
      {
        integrity: sha512-HZQYqbiFVWufzCwexrvh694SOim8z2d+xJl5UNamcvQFejLY/2YUtzXHYi3cHdI7PMlS8ejH2slRAOJQ32aNbA==,
      }
    dev: true

  /@types/markdown-it@12.2.3:
    resolution:
      {
        integrity: sha512-GKMHFfv3458yYy+v/N8gjufHO6MSZKCOXpZc5GXIWWy8uldwfmPn98vp81gZ5f9SVw8YYBctgfJ22a2d7AOMeQ==,
      }
    dependencies:
      "@types/linkify-it": 3.0.2
      "@types/mdurl": 1.0.2
    dev: true

  /@types/mdurl@1.0.2:
    resolution:
      {
        integrity: sha512-eC4U9MlIcu2q0KQmXszyn5Akca/0jrQmwDRgpAMJai7qBWq4amIQhZyNau4VYGtCeALvW1/NtjzJJ567aZxfKA==,
      }
    dev: true

  /@types/mime-types@2.1.1:
    resolution:
      {
        integrity: sha512-vXOTGVSLR2jMw440moWTC7H19iUyLtP3Z1YTj7cSsubOICinjMxFeb/V57v9QdyyPGbbWolUFSSmSiRSn94tFw==,
      }
    dev: true

  /@types/node@10.17.60:
    resolution:
      {
        integrity: sha512-F0KIgDJfy2nA3zMLmWGKxcH2ZVEtCZXHHdOQs2gSaQ27+lNeEfGxzkIw90aXswATX7AZ33tahPbzy6KAfUreVw==,
      }
    dev: true

  /@types/node@20.4.2:
    resolution:
      {
        integrity: sha512-Dd0BYtWgnWJKwO1jkmTrzofjK2QXXcai0dmtzvIBhcA+RsG5h8R3xlyta0kGOZRNfL9GuRtb1knmPEhQrePCEw==,
      }
    dev: true

  /argparse@2.0.1:
    resolution:
      {
        integrity: sha512-8+9WqebbFzpX9OR+Wa6O29asIogeRMzcGtAINdpMHHyAg10f05aSFVBbcEqGf/PXw1EjAZ+q2/bEBg3DvurK3Q==,
      }
    dev: true

  /entities@3.0.1:
    resolution:
      {
        integrity: sha512-WiyBqoomrwMdFG1e0kqvASYfnlb0lp8M5o5Fw2OFq1hNZxxcNk8Ik0Xm7LxzBhuidnZB/UtBqVCgUz3kBOP51Q==,
      }
    engines: { node: ">=0.12" }
    dev: true

  /escape-string-regexp@5.0.0:
    resolution:
      {
        integrity: sha512-/veY75JbMK4j1yjvuUxuVsiS/hr/4iHs9FTT6cgTexxdE0Ly/glccBAkloH/DofkjRbZU3bnoj38mOmhkZ0lHw==,
      }
    engines: { node: ">=12" }
    dev: false

  /linkify-it@4.0.1:
    resolution:
      {
        integrity: sha512-C7bfi1UZmoj8+PQx22XyeXCuBlokoyWQL5pWSP+EI6nzRylyThouddufc2c1NDIcP9k5agmN9fLpA7VNJfIiqw==,
      }
    dependencies:
      uc.micro: 1.0.6
    dev: true

  /markdown-it@13.0.1:
    resolution:
      {
        integrity: sha512-lTlxriVoy2criHP0JKRhO2VDG9c2ypWCsT237eDiLqi09rmbKoUetyGHq2uOIRoRS//kfoJckS0eUzzkDR+k2Q==,
      }
    hasBin: true
    dependencies:
      argparse: 2.0.1
      entities: 3.0.1
      linkify-it: 4.0.1
      mdurl: 1.0.1
      uc.micro: 1.0.6
    dev: true

  /mdurl@1.0.1:
    resolution:
      {
        integrity: sha512-/sKlQJCBYVY9Ers9hqzKou4H6V5UWc/M59TH2dvkt+84itfnq7uFOMLpOiOS4ujvHP4etln18fmIxA5R5fll0g==,
      }
    dev: true

  /mime-db@1.52.0:
    resolution:
      {
        integrity: sha512-sPU4uV7dYlvtWJxwwxHD0PuihVNiE7TyAbQ5SWxDCB9mUYvOgroQOwYQQOKPJ8CIbE+1ETVlOoK1UC2nU3gYvg==,
      }
    engines: { node: ">= 0.6" }
    dev: false

  /mime-types@2.1.35:
    resolution:
      {
        integrity: sha512-ZDY+bPm5zTTF+YpCrAU9nK0UgICYPT0QtT1NZWFv4s++TNkcgVaT0g6+4R2uI4MjQjzysHB1zxuWL50hzaeXiw==,
      }
    engines: { node: ">= 0.6" }
    dependencies:
      mime-db: 1.52.0
    dev: false

  /node-ts@6.0.1:
    resolution:
      {
        integrity: sha512-nxFz4tJYv9Yu6u4e3B1rmfh45Zmge7rD/MlTA5V98+Q5eFsqzCWTWDYvbrNEPGtnzhkqNLk4E2r3C6VSfNoZNQ==,
      }
    engines: { node: ">=18.0.0" }
    dependencies:
      "@rauschma/stringio": 1.4.0
      "@types/node": 20.4.2
    dev: true

  /uc.micro@1.0.6:
    resolution:
      {
        integrity: sha512-8Y75pvTYkLJW2hWQHXxoqRgV7qb9B+9vFEtidML+7koHUFapnVJAZ6cKs+Qjz5Aw3aZWHMC6u0wJE3At+nSGwA==,
      }
    dev: true
